// !$*UTF8*$!
{
	archiveVersion = 1;
	classes = {
	};
	objectVersion = 48;
	objects = {

/* Begin PBXBuildFile section */
		EAE2C2FC1FBE1C4B00B3AC84 /* main.cpp in Sources */ = {isa = PBXBuildFile; fileRef = EAE2C2FB1FBE1C4B00B3AC84 /* main.cpp */; };
		EAE2C3041FBE1C9500B3AC84 /* ea.cpp in Sources */ = {isa = PBXBuildFile; fileRef = EAE2C3021FBE1C9500B3AC84 /* ea.cpp */; };
		EAE2C30D1FBE3FD700B3AC84 /* mcts.cpp in Sources */ = {isa = PBXBuildFile; fileRef = EAE2C3061FBE3FD600B3AC84 /* mcts.cpp */; };
		EAE2C30E1FBE3FD700B3AC84 /* tree.cpp in Sources */ = {isa = PBXBuildFile; fileRef = EAE2C3081FBE3FD700B3AC84 /* tree.cpp */; };
		EAE2C30F1FBE3FD700B3AC84 /* agent.cpp in Sources */ = {isa = PBXBuildFile; fileRef = EAE2C3091FBE3FD700B3AC84 /* agent.cpp */; };
		EAE2C3101FBE3FD700B3AC84 /* sim.cpp in Sources */ = {isa = PBXBuildFile; fileRef = EAE2C30C1FBE3FD700B3AC84 /* sim.cpp */; };
/* End PBXBuildFile section */

/* Begin PBXCopyFilesBuildPhase section */
		EAE2C2F61FBE1C4B00B3AC84 /* CopyFiles */ = {
			isa = PBXCopyFilesBuildPhase;
			buildActionMask = 2147483647;
			dstPath = /usr/share/man/man1/;
			dstSubfolderSpec = 0;
			files = (
			);
			runOnlyForDeploymentPostprocessing = 1;
		};
/* End PBXCopyFilesBuildPhase section */

/* Begin PBXFileReference section */
		EAE2C2F81FBE1C4B00B3AC84 /* CS_776_Project */ = {isa = PBXFileReference; explicitFileType = "compiled.mach-o.executable"; includeInIndex = 0; path = CS_776_Project; sourceTree = BUILT_PRODUCTS_DIR; };
		EAE2C2FB1FBE1C4B00B3AC84 /* main.cpp */ = {isa = PBXFileReference; lastKnownFileType = sourcecode.cpp.cpp; path = main.cpp; sourceTree = "<group>"; };
		EAE2C3021FBE1C9500B3AC84 /* ea.cpp */ = {isa = PBXFileReference; lastKnownFileType = sourcecode.cpp.cpp; path = ea.cpp; sourceTree = "<group>"; };
		EAE2C3031FBE1C9500B3AC84 /* ea.hpp */ = {isa = PBXFileReference; lastKnownFileType = sourcecode.cpp.h; path = ea.hpp; sourceTree = "<group>"; };
		EAE2C3051FBE3FD600B3AC84 /* tree.hpp */ = {isa = PBXFileReference; fileEncoding = 4; lastKnownFileType = sourcecode.cpp.h; path = tree.hpp; sourceTree = "<group>"; };
		EAE2C3061FBE3FD600B3AC84 /* mcts.cpp */ = {isa = PBXFileReference; fileEncoding = 4; lastKnownFileType = sourcecode.cpp.cpp; path = mcts.cpp; sourceTree = "<group>"; };
		EAE2C3071FBE3FD700B3AC84 /* sim.hpp */ = {isa = PBXFileReference; fileEncoding = 4; lastKnownFileType = sourcecode.cpp.h; path = sim.hpp; sourceTree = "<group>"; };
		EAE2C3081FBE3FD700B3AC84 /* tree.cpp */ = {isa = PBXFileReference; fileEncoding = 4; lastKnownFileType = sourcecode.cpp.cpp; path = tree.cpp; sourceTree = "<group>"; };
		EAE2C3091FBE3FD700B3AC84 /* agent.cpp */ = {isa = PBXFileReference; fileEncoding = 4; lastKnownFileType = sourcecode.cpp.cpp; path = agent.cpp; sourceTree = "<group>"; };
		EAE2C30A1FBE3FD700B3AC84 /* agent.hpp */ = {isa = PBXFileReference; fileEncoding = 4; lastKnownFileType = sourcecode.cpp.h; path = agent.hpp; sourceTree = "<group>"; };
		EAE2C30B1FBE3FD700B3AC84 /* mcts.hpp */ = {isa = PBXFileReference; fileEncoding = 4; lastKnownFileType = sourcecode.cpp.h; path = mcts.hpp; sourceTree = "<group>"; };
		EAE2C30C1FBE3FD700B3AC84 /* sim.cpp */ = {isa = PBXFileReference; fileEncoding = 4; lastKnownFileType = sourcecode.cpp.cpp; path = sim.cpp; sourceTree = "<group>"; };
/* End PBXFileReference section */

/* Begin PBXFrameworksBuildPhase section */
		EAE2C2F51FBE1C4B00B3AC84 /* Frameworks */ = {
			isa = PBXFrameworksBuildPhase;
			buildActionMask = 2147483647;
			files = (
			);
			runOnlyForDeploymentPostprocessing = 0;
		};
/* End PBXFrameworksBuildPhase section */

/* Begin PBXGroup section */
		EAE2C2EF1FBE1C4B00B3AC84 = {
			isa = PBXGroup;
			children = (
				EAE2C2FA1FBE1C4B00B3AC84 /* CS_776_Project */,
				EAE2C2F91FBE1C4B00B3AC84 /* Products */,
			);
			sourceTree = "<group>";
		};
		EAE2C2F91FBE1C4B00B3AC84 /* Products */ = {
			isa = PBXGroup;
			children = (
				EAE2C2F81FBE1C4B00B3AC84 /* CS_776_Project */,
			);
			name = Products;
			sourceTree = "<group>";
		};
		EAE2C2FA1FBE1C4B00B3AC84 /* CS_776_Project */ = {
			isa = PBXGroup;
			children = (
				EAE2C2FB1FBE1C4B00B3AC84 /* main.cpp */,
				EAE2C3021FBE1C9500B3AC84 /* ea.cpp */,
				EAE2C3031FBE1C9500B3AC84 /* ea.hpp */,
				EAE2C3091FBE3FD700B3AC84 /* agent.cpp */,
				EAE2C30A1FBE3FD700B3AC84 /* agent.hpp */,
				EAE2C3061FBE3FD600B3AC84 /* mcts.cpp */,
				EAE2C30B1FBE3FD700B3AC84 /* mcts.hpp */,
				EAE2C30C1FBE3FD700B3AC84 /* sim.cpp */,
				EAE2C3071FBE3FD700B3AC84 /* sim.hpp */,
				EAE2C3081FBE3FD700B3AC84 /* tree.cpp */,
				EAE2C3051FBE3FD600B3AC84 /* tree.hpp */,
			);
			path = CS_776_Project;
			sourceTree = "<group>";
		};
/* End PBXGroup section */

/* Begin PBXNativeTarget section */
		EAE2C2F71FBE1C4B00B3AC84 /* CS_776_Project */ = {
			isa = PBXNativeTarget;
			buildConfigurationList = EAE2C2FF1FBE1C4B00B3AC84 /* Build configuration list for PBXNativeTarget "CS_776_Project" */;
			buildPhases = (
				EAE2C2F41FBE1C4B00B3AC84 /* Sources */,
				EAE2C2F51FBE1C4B00B3AC84 /* Frameworks */,
				EAE2C2F61FBE1C4B00B3AC84 /* CopyFiles */,
			);
			buildRules = (
			);
			dependencies = (
			);
			name = CS_776_Project;
			productName = CS_776_Project;
			productReference = EAE2C2F81FBE1C4B00B3AC84 /* CS_776_Project */;
			productType = "com.apple.product-type.tool";
		};
/* End PBXNativeTarget section */

/* Begin PBXProject section */
		EAE2C2F01FBE1C4B00B3AC84 /* Project object */ = {
			isa = PBXProject;
			attributes = {
				LastUpgradeCheck = 0910;
				ORGANIZATIONNAME = "Nicholas Zerbel";
				TargetAttributes = {
					EAE2C2F71FBE1C4B00B3AC84 = {
						CreatedOnToolsVersion = 9.1;
						ProvisioningStyle = Automatic;
					};
				};
			};
			buildConfigurationList = EAE2C2F31FBE1C4B00B3AC84 /* Build configuration list for PBXProject "CS_776_Project" */;
			compatibilityVersion = "Xcode 8.0";
			developmentRegion = en;
			hasScannedForEncodings = 0;
			knownRegions = (
				en,
			);
			mainGroup = EAE2C2EF1FBE1C4B00B3AC84;
			productRefGroup = EAE2C2F91FBE1C4B00B3AC84 /* Products */;
			projectDirPath = "";
			projectRoot = "";
			targets = (
				EAE2C2F71FBE1C4B00B3AC84 /* CS_776_Project */,
			);
		};
/* End PBXProject section */

/* Begin PBXSourcesBuildPhase section */
		EAE2C2F41FBE1C4B00B3AC84 /* Sources */ = {
			isa = PBXSourcesBuildPhase;
			buildActionMask = 2147483647;
			files = (
				EAE2C2FC1FBE1C4B00B3AC84 /* main.cpp in Sources */,
				EAE2C30E1FBE3FD700B3AC84 /* tree.cpp in Sources */,
				EAE2C3041FBE1C9500B3AC84 /* ea.cpp in Sources */,
				EAE2C3101FBE3FD700B3AC84 /* sim.cpp in Sources */,
				EAE2C30F1FBE3FD700B3AC84 /* agent.cpp in Sources */,
				EAE2C30D1FBE3FD700B3AC84 /* mcts.cpp in Sources */,
			);
			runOnlyForDeploymentPostprocessing = 0;
		};
/* End PBXSourcesBuildPhase section */

/* Begin XCBuildConfiguration section */
		EAE2C2FD1FBE1C4B00B3AC84 /* Debug */ = {
			isa = XCBuildConfiguration;
			buildSettings = {
				ALWAYS_SEARCH_USER_PATHS = NO;
				CLANG_ANALYZER_NONNULL = YES;
				CLANG_ANALYZER_NUMBER_OBJECT_CONVERSION = YES_AGGRESSIVE;
				CLANG_CXX_LANGUAGE_STANDARD = "gnu++14";
				CLANG_CXX_LIBRARY = "libc++";
				CLANG_ENABLE_MODULES = YES;
				CLANG_ENABLE_OBJC_ARC = YES;
				CLANG_WARN_BLOCK_CAPTURE_AUTORELEASING = YES;
				CLANG_WARN_BOOL_CONVERSION = YES;
				CLANG_WARN_COMMA = YES;
				CLANG_WARN_CONSTANT_CONVERSION = YES;
				CLANG_WARN_DIRECT_OBJC_ISA_USAGE = YES_ERROR;
				CLANG_WARN_DOCUMENTATION_COMMENTS = YES;
				CLANG_WARN_EMPTY_BODY = YES;
				CLANG_WARN_ENUM_CONVERSION = YES;
				CLANG_WARN_INFINITE_RECURSION = YES;
				CLANG_WARN_INT_CONVERSION = YES;
				CLANG_WARN_NON_LITERAL_NULL_CONVERSION = YES;
				CLANG_WARN_OBJC_LITERAL_CONVERSION = YES;
				CLANG_WARN_OBJC_ROOT_CLASS = YES_ERROR;
				CLANG_WARN_RANGE_LOOP_ANALYSIS = YES;
				CLANG_WARN_STRICT_PROTOTYPES = YES;
				CLANG_WARN_SUSPICIOUS_MOVE = YES;
				CLANG_WARN_UNGUARDED_AVAILABILITY = YES_AGGRESSIVE;
				CLANG_WARN_UNREACHABLE_CODE = YES;
				CLANG_WARN__DUPLICATE_METHOD_MATCH = YES;
				CODE_SIGN_IDENTITY = "-";
				COPY_PHASE_STRIP = NO;
				DEBUG_INFORMATION_FORMAT = dwarf;
				ENABLE_STRICT_OBJC_MSGSEND = YES;
				ENABLE_TESTABILITY = YES;
				GCC_C_LANGUAGE_STANDARD = gnu11;
				GCC_DYNAMIC_NO_PIC = NO;
				GCC_NO_COMMON_BLOCKS = YES;
				GCC_OPTIMIZATION_LEVEL = 0;
				GCC_PREPROCESSOR_DEFINITIONS = (
					"DEBUG=1",
					"$(inherited)",
				);
				GCC_WARN_64_TO_32_BIT_CONVERSION = YES;
				GCC_WARN_ABOUT_RETURN_TYPE = YES_ERROR;
				GCC_WARN_UNDECLARED_SELECTOR = YES;
				GCC_WARN_UNINITIALIZED_AUTOS = YES_AGGRESSIVE;
				GCC_WARN_UNUSED_FUNCTION = YES;
				GCC_WARN_UNUSED_VARIABLE = YES;
				MACOSX_DEPLOYMENT_TARGET = 10.12;
				MTL_ENABLE_DEBUG_INFO = YES;
				ONLY_ACTIVE_ARCH = YES;
				SDKROOT = macosx;
			};
			name = Debug;
		};
		EAE2C2FE1FBE1C4B00B3AC84 /* Release */ = {
			isa = XCBuildConfiguration;
			buildSettings = {
				ALWAYS_SEARCH_USER_PATHS = NO;
				CLANG_ANALYZER_NONNULL = YES;
				CLANG_ANALYZER_NUMBER_OBJECT_CONVERSION = YES_AGGRESSIVE;
				CLANG_CXX_LANGUAGE_STANDARD = "gnu++14";
				CLANG_CXX_LIBRARY = "libc++";
				CLANG_ENABLE_MODULES = YES;
				CLANG_ENABLE_OBJC_ARC = YES;
				CLANG_WARN_BLOCK_CAPTURE_AUTORELEASING = YES;
				CLANG_WARN_BOOL_CONVERSION = YES;
				CLANG_WARN_COMMA = YES;
				CLANG_WARN_CONSTANT_CONVERSION = YES;
				CLANG_WARN_DIRECT_OBJC_ISA_USAGE = YES_ERROR;
				CLANG_WARN_DOCUMENTATION_COMMENTS = YES;
				CLANG_WARN_EMPTY_BODY = YES;
				CLANG_WARN_ENUM_CONVERSION = YES;
				CLANG_WARN_INFINITE_RECURSION = YES;
				CLANG_WARN_INT_CONVERSION = YES;
				CLANG_WARN_NON_LITERAL_NULL_CONVERSION = YES;
				CLANG_WARN_OBJC_LITERAL_CONVERSION = YES;
				CLANG_WARN_OBJC_ROOT_CLASS = YES_ERROR;
				CLANG_WARN_RANGE_LOOP_ANALYSIS = YES;
				CLANG_WARN_STRICT_PROTOTYPES = YES;
				CLANG_WARN_SUSPICIOUS_MOVE = YES;
				CLANG_WARN_UNGUARDED_AVAILABILITY = YES_AGGRESSIVE;
				CLANG_WARN_UNREACHABLE_CODE = YES;
				CLANG_WARN__DUPLICATE_METHOD_MATCH = YES;
				CODE_SIGN_IDENTITY = "-";
				COPY_PHASE_STRIP = NO;
				DEBUG_INFORMATION_FORMAT = "dwarf-with-dsym";
				ENABLE_NS_ASSERTIONS = NO;
				ENABLE_STRICT_OBJC_MSGSEND = YES;
				GCC_C_LANGUAGE_STANDARD = gnu11;
				GCC_NO_COMMON_BLOCKS = YES;
				GCC_WARN_64_TO_32_BIT_CONVERSION = YES;
				GCC_WARN_ABOUT_RETURN_TYPE = YES_ERROR;
				GCC_WARN_UNDECLARED_SELECTOR = YES;
				GCC_WARN_UNINITIALIZED_AUTOS = YES_AGGRESSIVE;
				GCC_WARN_UNUSED_FUNCTION = YES;
				GCC_WARN_UNUSED_VARIABLE = YES;
				MACOSX_DEPLOYMENT_TARGET = 10.12;
				MTL_ENABLE_DEBUG_INFO = NO;
				SDKROOT = macosx;
			};
			name = Release;
		};
		EAE2C3001FBE1C4B00B3AC84 /* Debug */ = {
			isa = XCBuildConfiguration;
			buildSettings = {
				CODE_SIGN_STYLE = Automatic;
				PRODUCT_NAME = "$(TARGET_NAME)";
			};
			name = Debug;
		};
		EAE2C3011FBE1C4B00B3AC84 /* Release */ = {
			isa = XCBuildConfiguration;
			buildSettings = {
				CODE_SIGN_STYLE = Automatic;
				PRODUCT_NAME = "$(TARGET_NAME)";
			};
			name = Release;
		};
/* End XCBuildConfiguration section */

/* Begin XCConfigurationList section */
		EAE2C2F31FBE1C4B00B3AC84 /* Build configuration list for PBXProject "CS_776_Project" */ = {
			isa = XCConfigurationList;
			buildConfigurations = (
				EAE2C2FD1FBE1C4B00B3AC84 /* Debug */,
				EAE2C2FE1FBE1C4B00B3AC84 /* Release */,
			);
			defaultConfigurationIsVisible = 0;
			defaultConfigurationName = Release;
		};
		EAE2C2FF1FBE1C4B00B3AC84 /* Build configuration list for PBXNativeTarget "CS_776_Project" */ = {
			isa = XCConfigurationList;
			buildConfigurations = (
				EAE2C3001FBE1C4B00B3AC84 /* Debug */,
				EAE2C3011FBE1C4B00B3AC84 /* Release */,
			);
			defaultConfigurationIsVisible = 0;
			defaultConfigurationName = Release;
		};
/* End XCConfigurationList section */
	};
	rootObject = EAE2C2F01FBE1C4B00B3AC84 /* Project object */;
}
